# THIS IS AN AUTOGENERATED FILE. DO NOT EDIT THIS FILE DIRECTLY.
# yarn lockfile v1


"@fun-stack/fun-local-env@^0.3.0":
  version "0.3.0"
  resolved "https://registry.yarnpkg.com/@fun-stack/fun-local-env/-/fun-local-env-0.3.0.tgz#a583f351076cbcab5dd35071590388d8875be011"
  integrity sha512-2OETbbUl84tFgm0R3T7PytMKylrr84gRfP67UwpQOLg8PQqukzfdjCzJAX8p0Z2ZUULWMHpT+RVwcsW2av26/w==
