# THIS IS AN AUTOGENERATED FILE. DO NOT EDIT THIS FILE DIRECTLY.
# yarn lockfile v1


"@fun-stack/lambda-server@^0.1.11":
  version "0.1.11"
  resolved "https://registry.yarnpkg.com/@fun-stack/lambda-server/-/lambda-server-0.1.11.tgz#9bb0d5848d43b6e68578c74e341f5a9b459643f5"
  integrity sha512-rdN5X0cVKCMIUsYhggpNW+cZRGUEjl0KzNBgFcMZ/I/C/hw10DJdvcBNdJrJiLTh0SkJAlEIpcuRJtJhmpF3aQ==
