# THIS IS AN AUTOGENERATED FILE. DO NOT EDIT THIS FILE DIRECTLY.
# yarn lockfile v1


"@fun-stack/fun-local-env@^0.3.2":
  version "0.3.2"
  resolved "https://registry.yarnpkg.com/@fun-stack/fun-local-env/-/fun-local-env-0.3.2.tgz#76bc139cd8ab84e250d129794b28ce029a7cddd2"
  integrity sha512-IqgJuHy59tfSGMhubGcC/DFClJqemyptIVm8OaeY/wW8bUqorXaTIVxCwvNt+EoT18XS7R9vavLsU50lsUAYuQ==
